
Microsoft Visual Studio Solution File, Format Version 12.00
# Visual Studio Version 17
VisualStudioVersion = 17.4.33213.308
MinimumVisualStudioVersion = 10.0.40219.1
Project("{FAE04EC0-301F-11D3-BF4B-00C04F79EFBC}") = "BankingInterface", "BankingInterface.csproj", "{733F0DDD-A884-410D-9660-3C6716B0C9FC}"
EndProject
Global
	GlobalSection(SolutionConfigurationPlatforms) = preSolution
		Debug|Any CPU = Debug|Any CPU
		Release|Any CPU = Release|Any CPU
	EndGlobalSection
	GlobalSection(ProjectConfigurationPlatforms) = postSolution
		{733F0DDD-A884-410D-9660-3C6716B0C9FC}.Debug|Any CPU.ActiveCfg = Debug|Any CPU
		{733F0DDD-A884-410D-9660-3C6716B0C9FC}.Debug|Any CPU.Build.0 = Debug|Any CPU
		{733F0DDD-A884-410D-9660-3C6716B0C9FC}.Release|Any CPU.ActiveCfg = Release|Any CPU
		{733F0DDD-A884-410D-9660-3C6716B0C9FC}.Release|Any CPU.Build.0 = Release|Any CPU
	EndGlobalSection
	GlobalSection(SolutionProperties) = preSolution
		HideSolutionNode = FALSE
	EndGlobalSection
	GlobalSection(ExtensibilityGlobals) = postSolution
		SolutionGuid = {D7171E0D-6633-4CE8-A31E-BA43DD3CB492}
	EndGlobalSection
EndGlobal
